
Microsoft Visual Studio Solution File, Format Version 10.00
# Visual Studio 2008
Project("{FAE04EC0-301F-11D3-BF4B-00C04F79EFBC}") = "Microsoft.Demo.ServiceRequest", "Microsoft.Demo.ServiceRequest.csproj", "{A86223BF-10D6-4CBA-8D93-03CD95891154}"
EndProject
Global
	GlobalSection(SolutionConfigurationPlatforms) = preSolution
		Debug|Any CPU = Debug|Any CPU
		Release|Any CPU = Release|Any CPU
	EndGlobalSection
	GlobalSection(ProjectConfigurationPlatforms) = postSolution
		{A86223BF-10D6-4CBA-8D93-03CD95891154}.Debug|Any CPU.ActiveCfg = Debug|Any CPU
		{A86223BF-10D6-4CBA-8D93-03CD95891154}.Debug|Any CPU.Build.0 = Debug|Any CPU
		{A86223BF-10D6-4CBA-8D93-03CD95891154}.Release|Any CPU.ActiveCfg = Release|Any CPU
		{A86223BF-10D6-4CBA-8D93-03CD95891154}.Release|Any CPU.Build.0 = Release|Any CPU
	EndGlobalSection
	GlobalSection(SolutionProperties) = preSolution
		HideSolutionNode = FALSE
	EndGlobalSection
EndGlobal
